
Microsoft Visual Studio Solution File, Format Version 12.00
# Visual Studio Version 17
VisualStudioVersion = 17.10.35013.160
MinimumVisualStudioVersion = 10.0.40219.1
Project("{FAE04EC0-301F-11D3-BF4B-00C04F79EFBC}") = "pruebaProyecto", "pruebaProyecto\pruebaProyecto.csproj", "{B2A4116A-6936-4404-A419-AA3191F821CF}"
EndProject
Global
	GlobalSection(SolutionConfigurationPlatforms) = preSolution
		Debug|Any CPU = Debug|Any CPU
		Release|Any CPU = Release|Any CPU
	EndGlobalSection
	GlobalSection(ProjectConfigurationPlatforms) = postSolution
		{B2A4116A-6936-4404-A419-AA3191F821CF}.Debug|Any CPU.ActiveCfg = Debug|Any CPU
		{B2A4116A-6936-4404-A419-AA3191F821CF}.Debug|Any CPU.Build.0 = Debug|Any CPU
		{B2A4116A-6936-4404-A419-AA3191F821CF}.Release|Any CPU.ActiveCfg = Release|Any CPU
		{B2A4116A-6936-4404-A419-AA3191F821CF}.Release|Any CPU.Build.0 = Release|Any CPU
	EndGlobalSection
	GlobalSection(SolutionProperties) = preSolution
		HideSolutionNode = FALSE
	EndGlobalSection
	GlobalSection(ExtensibilityGlobals) = postSolution
		SolutionGuid = {82BE7EE0-EBB2-4389-8F5E-5E42ADACDC57}
	EndGlobalSection
EndGlobal
